
Microsoft Visual Studio Solution File, Format Version 12.00
# Visual Studio 15
VisualStudioVersion = 15.0.28307.779
MinimumVisualStudioVersion = 10.0.40219.1
Project("{FAE04EC0-301F-11D3-BF4B-00C04F79EFBC}") = "SistemaGeradorOrcamento", "SistemaGeradorOrcamento\SistemaGeradorOrcamento.csproj", "{7520AD61-248B-4F7E-AF45-CEADE964984A}"
EndProject
Global
	GlobalSection(SolutionConfigurationPlatforms) = preSolution
		Debug|Any CPU = Debug|Any CPU
		Release|Any CPU = Release|Any CPU
	EndGlobalSection
	GlobalSection(ProjectConfigurationPlatforms) = postSolution
		{7520AD61-248B-4F7E-AF45-CEADE964984A}.Debug|Any CPU.ActiveCfg = Debug|Any CPU
		{7520AD61-248B-4F7E-AF45-CEADE964984A}.Debug|Any CPU.Build.0 = Debug|Any CPU
		{7520AD61-248B-4F7E-AF45-CEADE964984A}.Release|Any CPU.ActiveCfg = Release|Any CPU
		{7520AD61-248B-4F7E-AF45-CEADE964984A}.Release|Any CPU.Build.0 = Release|Any CPU
	EndGlobalSection
	GlobalSection(SolutionProperties) = preSolution
		HideSolutionNode = FALSE
	EndGlobalSection
	GlobalSection(ExtensibilityGlobals) = postSolution
		SolutionGuid = {2C05326F-A7F3-48A2-9F7E-EBD865A99B03}
	EndGlobalSection
EndGlobal
